
Microsoft Visual Studio Solution File, Format Version 12.00
# Visual Studio Version 16
VisualStudioVersion = 16.0.31313.79
MinimumVisualStudioVersion = 10.0.40219.1
Project("{FAE04EC0-301F-11D3-BF4B-00C04F79EFBC}") = "Tic-Tac-Toe C-Sharp", "Tic-Tac-Toe C-Sharp\Tic-Tac-Toe C-Sharp.csproj", "{A83C702D-E896-4C0F-97B4-20250C1A84B2}"
EndProject
Global
	GlobalSection(SolutionConfigurationPlatforms) = preSolution
		Debug|Any CPU = Debug|Any CPU
		Release|Any CPU = Release|Any CPU
	EndGlobalSection
	GlobalSection(ProjectConfigurationPlatforms) = postSolution
		{A83C702D-E896-4C0F-97B4-20250C1A84B2}.Debug|Any CPU.ActiveCfg = Debug|Any CPU
		{A83C702D-E896-4C0F-97B4-20250C1A84B2}.Debug|Any CPU.Build.0 = Debug|Any CPU
		{A83C702D-E896-4C0F-97B4-20250C1A84B2}.Release|Any CPU.ActiveCfg = Release|Any CPU
		{A83C702D-E896-4C0F-97B4-20250C1A84B2}.Release|Any CPU.Build.0 = Release|Any CPU
	EndGlobalSection
	GlobalSection(SolutionProperties) = preSolution
		HideSolutionNode = FALSE
	EndGlobalSection
	GlobalSection(ExtensibilityGlobals) = postSolution
		SolutionGuid = {494DE10D-C501-4BE6-AEC4-F32983183011}
	EndGlobalSection
EndGlobal
